
Microsoft Visual Studio Solution File, Format Version 12.00
# Visual Studio 15
Project("{FAE04EC0-301F-11D3-BF4B-00C04F79EFBC}") = "TestTask_SD_Solutions", "TestTask_SD_Solutions.csproj", "{438C8717-AD81-0781-F367-0CB8190DA4DE}"
EndProject
Project("{FAE04EC0-301F-11D3-BF4B-00C04F79EFBC}") = "TestTask_SD_Solutions.Editor", "TestTask_SD_Solutions.Editor.csproj", "{0D4CD796-27B3-131B-AFD3-69FF56BE9F13}"
EndProject
Global
	GlobalSection(SolutionConfigurationPlatforms) = preSolution
		Debug|Any CPU = Debug|Any CPU
		Release|Any CPU = Release|Any CPU
	EndGlobalSection
	GlobalSection(ProjectConfigurationPlatforms) = postSolution
		{438C8717-AD81-0781-F367-0CB8190DA4DE}.Debug|Any CPU.ActiveCfg = Debug|Any CPU
		{438C8717-AD81-0781-F367-0CB8190DA4DE}.Debug|Any CPU.Build.0 = Debug|Any CPU
		{438C8717-AD81-0781-F367-0CB8190DA4DE}.Release|Any CPU.ActiveCfg = Release|Any CPU
		{438C8717-AD81-0781-F367-0CB8190DA4DE}.Release|Any CPU.Build.0 = Release|Any CPU
		{0D4CD796-27B3-131B-AFD3-69FF56BE9F13}.Debug|Any CPU.ActiveCfg = Debug|Any CPU
		{0D4CD796-27B3-131B-AFD3-69FF56BE9F13}.Debug|Any CPU.Build.0 = Debug|Any CPU
		{0D4CD796-27B3-131B-AFD3-69FF56BE9F13}.Release|Any CPU.ActiveCfg = Release|Any CPU
		{0D4CD796-27B3-131B-AFD3-69FF56BE9F13}.Release|Any CPU.Build.0 = Release|Any CPU
	EndGlobalSection
	GlobalSection(SolutionProperties) = preSolution
		HideSolutionNode = FALSE
	EndGlobalSection
EndGlobal
